
Microsoft Visual Studio Solution File, Format Version 12.00
# Visual Studio Version 16
VisualStudioVersion = 16.0.31613.86
MinimumVisualStudioVersion = 10.0.40219.1
Project("{FAE04EC0-301F-11D3-BF4B-00C04F79EFBC}") = "BackendTest", "BackendTest\BackendTest.csproj", "{13A4E81E-8023-4738-BD37-B0168E97A34E}"
EndProject
Global
	GlobalSection(SolutionConfigurationPlatforms) = preSolution
		Debug|Any CPU = Debug|Any CPU
		Release|Any CPU = Release|Any CPU
	EndGlobalSection
	GlobalSection(ProjectConfigurationPlatforms) = postSolution
		{13A4E81E-8023-4738-BD37-B0168E97A34E}.Debug|Any CPU.ActiveCfg = Debug|Any CPU
		{13A4E81E-8023-4738-BD37-B0168E97A34E}.Debug|Any CPU.Build.0 = Debug|Any CPU
		{13A4E81E-8023-4738-BD37-B0168E97A34E}.Release|Any CPU.ActiveCfg = Release|Any CPU
		{13A4E81E-8023-4738-BD37-B0168E97A34E}.Release|Any CPU.Build.0 = Release|Any CPU
	EndGlobalSection
	GlobalSection(SolutionProperties) = preSolution
		HideSolutionNode = FALSE
	EndGlobalSection
	GlobalSection(ExtensibilityGlobals) = postSolution
		SolutionGuid = {146A6A7E-72C5-47AB-BBDF-0909E7DA58CB}
	EndGlobalSection
EndGlobal
